
Microsoft Visual Studio Solution File, Format Version 12.00
# Visual Studio Version 17
VisualStudioVersion = 17.8.34525.116
MinimumVisualStudioVersion = 10.0.40219.1
Project("{FAE04EC0-301F-11D3-BF4B-00C04F79EFBC}") = "MD5toIPV4_hashcat", "MD5toIPV4_hashcat.csproj", "{3199A364-4BC5-4869-A70E-676704A821FD}"
EndProject
Global
	GlobalSection(SolutionConfigurationPlatforms) = preSolution
		Debug|Any CPU = Debug|Any CPU
		Release|Any CPU = Release|Any CPU
	EndGlobalSection
	GlobalSection(ProjectConfigurationPlatforms) = postSolution
		{3199A364-4BC5-4869-A70E-676704A821FD}.Debug|Any CPU.ActiveCfg = Debug|Any CPU
		{3199A364-4BC5-4869-A70E-676704A821FD}.Debug|Any CPU.Build.0 = Debug|Any CPU
		{3199A364-4BC5-4869-A70E-676704A821FD}.Release|Any CPU.ActiveCfg = Release|Any CPU
		{3199A364-4BC5-4869-A70E-676704A821FD}.Release|Any CPU.Build.0 = Release|Any CPU
	EndGlobalSection
	GlobalSection(SolutionProperties) = preSolution
		HideSolutionNode = FALSE
	EndGlobalSection
	GlobalSection(ExtensibilityGlobals) = postSolution
		SolutionGuid = {B41507F6-DFEE-4EEB-A14D-14BA2D2EFF68}
	EndGlobalSection
EndGlobal
